// !$*UTF8*$!
{
	archiveVersion = 1;
	classes = {
	};
	objectVersion = 50;
	objects = {

/* Begin PBXBuildFile section */
		331707AB268F47CF001C773B /* AppDelegate.swift in Sources */ = {isa = PBXBuildFile; fileRef = 331707AA268F47CF001C773B /* AppDelegate.swift */; };
		331707AD268F47CF001C773B /* SceneDelegate.swift in Sources */ = {isa = PBXBuildFile; fileRef = 331707AC268F47CF001C773B /* SceneDelegate.swift */; };
		331707AF268F47CF001C773B /* MainViewController.swift in Sources */ = {isa = PBXBuildFile; fileRef = 331707AE268F47CF001C773B /* MainViewController.swift */; };
		331707B2268F47CF001C773B /* Main.storyboard in Resources */ = {isa = PBXBuildFile; fileRef = 331707B0268F47CF001C773B /* Main.storyboard */; };
		331707B4268F47D0001C773B /* Assets.xcassets in Resources */ = {isa = PBXBuildFile; fileRef = 331707B3268F47D0001C773B /* Assets.xcassets */; };
		331707B7268F47D0001C773B /* LaunchScreen.storyboard in Resources */ = {isa = PBXBuildFile; fileRef = 331707B5268F47D0001C773B /* LaunchScreen.storyboard */; };
		331707BF268F49BF001C773B /* Networking.swift in Sources */ = {isa = PBXBuildFile; fileRef = 331707BE268F49BF001C773B /* Networking.swift */; };
		331707C1268F915D001C773B /* Repo.swift in Sources */ = {isa = PBXBuildFile; fileRef = 331707C0268F915D001C773B /* Repo.swift */; };
		331707C3268F9809001C773B /* Owner.swift in Sources */ = {isa = PBXBuildFile; fileRef = 331707C2268F9809001C773B /* Owner.swift */; };
		338BCC122690D1B10031A3EA /* UIImageView + loadImage + roundCorners.swift in Sources */ = {isa = PBXBuildFile; fileRef = 338BCC112690D1B10031A3EA /* UIImageView + loadImage + roundCorners.swift */; };
		338BCC142690D2560031A3EA /* MainPresenter.swift in Sources */ = {isa = PBXBuildFile; fileRef = 338BCC132690D2560031A3EA /* MainPresenter.swift */; };
		33C22C612690A2D1005A56FC /* RepoTableViewCell.swift in Sources */ = {isa = PBXBuildFile; fileRef = 33C22C5F2690A2D1005A56FC /* RepoTableViewCell.swift */; };
		33C22C622690A2D1005A56FC /* RepoTableViewCell.xib in Resources */ = {isa = PBXBuildFile; fileRef = 33C22C602690A2D1005A56FC /* RepoTableViewCell.xib */; };
/* End PBXBuildFile section */

/* Begin PBXFileReference section */
		331707A7268F47CF001C773B /* GitSearch.app */ = {isa = PBXFileReference; explicitFileType = wrapper.application; includeInIndex = 0; path = GitSearch.app; sourceTree = BUILT_PRODUCTS_DIR; };
		331707AA268F47CF001C773B /* AppDelegate.swift */ = {isa = PBXFileReference; lastKnownFileType = sourcecode.swift; path = AppDelegate.swift; sourceTree = "<group>"; };
		331707AC268F47CF001C773B /* SceneDelegate.swift */ = {isa = PBXFileReference; lastKnownFileType = sourcecode.swift; path = SceneDelegate.swift; sourceTree = "<group>"; };
		331707AE268F47CF001C773B /* MainViewController.swift */ = {isa = PBXFileReference; lastKnownFileType = sourcecode.swift; path = MainViewController.swift; sourceTree = "<group>"; };
		331707B1268F47CF001C773B /* Base */ = {isa = PBXFileReference; lastKnownFileType = file.storyboard; name = Base; path = Base.lproj/Main.storyboard; sourceTree = "<group>"; };
		331707B3268F47D0001C773B /* Assets.xcassets */ = {isa = PBXFileReference; lastKnownFileType = folder.assetcatalog; path = Assets.xcassets; sourceTree = "<group>"; };
		331707B6268F47D0001C773B /* Base */ = {isa = PBXFileReference; lastKnownFileType = file.storyboard; name = Base; path = Base.lproj/LaunchScreen.storyboard; sourceTree = "<group>"; };
		331707B8268F47D0001C773B /* Info.plist */ = {isa = PBXFileReference; lastKnownFileType = text.plist.xml; path = Info.plist; sourceTree = "<group>"; };
		331707BE268F49BF001C773B /* Networking.swift */ = {isa = PBXFileReference; lastKnownFileType = sourcecode.swift; path = Networking.swift; sourceTree = "<group>"; };
		331707C0268F915D001C773B /* Repo.swift */ = {isa = PBXFileReference; lastKnownFileType = sourcecode.swift; path = Repo.swift; sourceTree = "<group>"; };
		331707C2268F9809001C773B /* Owner.swift */ = {isa = PBXFileReference; lastKnownFileType = sourcecode.swift; path = Owner.swift; sourceTree = "<group>"; };
		338BCC112690D1B10031A3EA /* UIImageView + loadImage + roundCorners.swift */ = {isa = PBXFileReference; lastKnownFileType = sourcecode.swift; path = "UIImageView + loadImage + roundCorners.swift"; sourceTree = "<group>"; };
		338BCC132690D2560031A3EA /* MainPresenter.swift */ = {isa = PBXFileReference; lastKnownFileType = sourcecode.swift; path = MainPresenter.swift; sourceTree = "<group>"; };
		33C22C5F2690A2D1005A56FC /* RepoTableViewCell.swift */ = {isa = PBXFileReference; lastKnownFileType = sourcecode.swift; path = RepoTableViewCell.swift; sourceTree = "<group>"; };
		33C22C602690A2D1005A56FC /* RepoTableViewCell.xib */ = {isa = PBXFileReference; lastKnownFileType = file.xib; path = RepoTableViewCell.xib; sourceTree = "<group>"; };
/* End PBXFileReference section */

/* Begin PBXFrameworksBuildPhase section */
		331707A4268F47CF001C773B /* Frameworks */ = {
			isa = PBXFrameworksBuildPhase;
			buildActionMask = 2147483647;
			files = (
			);
			runOnlyForDeploymentPostprocessing = 0;
		};
/* End PBXFrameworksBuildPhase section */

/* Begin PBXGroup section */
		3317079E268F47CF001C773B = {
			isa = PBXGroup;
			children = (
				331707A9268F47CF001C773B /* GitSearch */,
				331707A8268F47CF001C773B /* Products */,
			);
			sourceTree = "<group>";
		};
		331707A8268F47CF001C773B /* Products */ = {
			isa = PBXGroup;
			children = (
				331707A7268F47CF001C773B /* GitSearch.app */,
			);
			name = Products;
			sourceTree = "<group>";
		};
		331707A9268F47CF001C773B /* GitSearch */ = {
			isa = PBXGroup;
			children = (
				331707AA268F47CF001C773B /* AppDelegate.swift */,
				331707AC268F47CF001C773B /* SceneDelegate.swift */,
				331707AE268F47CF001C773B /* MainViewController.swift */,
				331707B0268F47CF001C773B /* Main.storyboard */,
				331707B3268F47D0001C773B /* Assets.xcassets */,
				331707B5268F47D0001C773B /* LaunchScreen.storyboard */,
				331707B8268F47D0001C773B /* Info.plist */,
				331707BE268F49BF001C773B /* Networking.swift */,
				331707C0268F915D001C773B /* Repo.swift */,
				331707C2268F9809001C773B /* Owner.swift */,
				33C22C5F2690A2D1005A56FC /* RepoTableViewCell.swift */,
				33C22C602690A2D1005A56FC /* RepoTableViewCell.xib */,
				338BCC112690D1B10031A3EA /* UIImageView + loadImage + roundCorners.swift */,
				338BCC132690D2560031A3EA /* MainPresenter.swift */,
			);
			path = GitSearch;
			sourceTree = "<group>";
		};
/* End PBXGroup section */

/* Begin PBXNativeTarget section */
		331707A6268F47CF001C773B /* GitSearch */ = {
			isa = PBXNativeTarget;
			buildConfigurationList = 331707BB268F47D0001C773B /* Build configuration list for PBXNativeTarget "GitSearch" */;
			buildPhases = (
				331707A3268F47CF001C773B /* Sources */,
				331707A4268F47CF001C773B /* Frameworks */,
				331707A5268F47CF001C773B /* Resources */,
			);
			buildRules = (
			);
			dependencies = (
			);
			name = GitSearch;
			productName = GitSearch;
			productReference = 331707A7268F47CF001C773B /* GitSearch.app */;
			productType = "com.apple.product-type.application";
		};
/* End PBXNativeTarget section */

/* Begin PBXProject section */
		3317079F268F47CF001C773B /* Project object */ = {
			isa = PBXProject;
			attributes = {
				LastSwiftUpdateCheck = 1250;
				LastUpgradeCheck = 1250;
				TargetAttributes = {
					331707A6268F47CF001C773B = {
						CreatedOnToolsVersion = 12.5;
					};
				};
			};
			buildConfigurationList = 331707A2268F47CF001C773B /* Build configuration list for PBXProject "GitSearch" */;
			compatibilityVersion = "Xcode 9.3";
			developmentRegion = en;
			hasScannedForEncodings = 0;
			knownRegions = (
				en,
				Base,
			);
			mainGroup = 3317079E268F47CF001C773B;
			productRefGroup = 331707A8268F47CF001C773B /* Products */;
			projectDirPath = "";
			projectRoot = "";
			targets = (
				331707A6268F47CF001C773B /* GitSearch */,
			);
		};
/* End PBXProject section */

/* Begin PBXResourcesBuildPhase section */
		331707A5268F47CF001C773B /* Resources */ = {
			isa = PBXResourcesBuildPhase;
			buildActionMask = 2147483647;
			files = (
				331707B7268F47D0001C773B /* LaunchScreen.storyboard in Resources */,
				33C22C622690A2D1005A56FC /* RepoTableViewCell.xib in Resources */,
				331707B4268F47D0001C773B /* Assets.xcassets in Resources */,
				331707B2268F47CF001C773B /* Main.storyboard in Resources */,
			);
			runOnlyForDeploymentPostprocessing = 0;
		};
/* End PBXResourcesBuildPhase section */

/* Begin PBXSourcesBuildPhase section */
		331707A3268F47CF001C773B /* Sources */ = {
			isa = PBXSourcesBuildPhase;
			buildActionMask = 2147483647;
			files = (
				331707AF268F47CF001C773B /* MainViewController.swift in Sources */,
				331707C3268F9809001C773B /* Owner.swift in Sources */,
				338BCC122690D1B10031A3EA /* UIImageView + loadImage + roundCorners.swift in Sources */,
				331707AB268F47CF001C773B /* AppDelegate.swift in Sources */,
				338BCC142690D2560031A3EA /* MainPresenter.swift in Sources */,
				331707C1268F915D001C773B /* Repo.swift in Sources */,
				331707AD268F47CF001C773B /* SceneDelegate.swift in Sources */,
				33C22C612690A2D1005A56FC /* RepoTableViewCell.swift in Sources */,
				331707BF268F49BF001C773B /* Networking.swift in Sources */,
			);
			runOnlyForDeploymentPostprocessing = 0;
		};
/* End PBXSourcesBuildPhase section */

/* Begin PBXVariantGroup section */
		331707B0268F47CF001C773B /* Main.storyboard */ = {
			isa = PBXVariantGroup;
			children = (
				331707B1268F47CF001C773B /* Base */,
			);
			name = Main.storyboard;
			sourceTree = "<group>";
		};
		331707B5268F47D0001C773B /* LaunchScreen.storyboard */ = {
			isa = PBXVariantGroup;
			children = (
				331707B6268F47D0001C773B /* Base */,
			);
			name = LaunchScreen.storyboard;
			sourceTree = "<group>";
		};
/* End PBXVariantGroup section */

/* Begin XCBuildConfiguration section */
		331707B9268F47D0001C773B /* Debug */ = {
			isa = XCBuildConfiguration;
			buildSettings = {
				ALWAYS_SEARCH_USER_PATHS = NO;
				CLANG_ANALYZER_NONNULL = YES;
				CLANG_ANALYZER_NUMBER_OBJECT_CONVERSION = YES_AGGRESSIVE;
				CLANG_CXX_LANGUAGE_STANDARD = "gnu++14";
				CLANG_CXX_LIBRARY = "libc++";
				CLANG_ENABLE_MODULES = YES;
				CLANG_ENABLE_OBJC_ARC = YES;
				CLANG_ENABLE_OBJC_WEAK = YES;
				CLANG_WARN_BLOCK_CAPTURE_AUTORELEASING = YES;
				CLANG_WARN_BOOL_CONVERSION = YES;
				CLANG_WARN_COMMA = YES;
				CLANG_WARN_CONSTANT_CONVERSION = YES;
				CLANG_WARN_DEPRECATED_OBJC_IMPLEMENTATIONS = YES;
				CLANG_WARN_DIRECT_OBJC_ISA_USAGE = YES_ERROR;
				CLANG_WARN_DOCUMENTATION_COMMENTS = YES;
				CLANG_WARN_EMPTY_BODY = YES;
				CLANG_WARN_ENUM_CONVERSION = YES;
				CLANG_WARN_INFINITE_RECURSION = YES;
				CLANG_WARN_INT_CONVERSION = YES;
				CLANG_WARN_NON_LITERAL_NULL_CONVERSION = YES;
				CLANG_WARN_OBJC_IMPLICIT_RETAIN_SELF = YES;
				CLANG_WARN_OBJC_LITERAL_CONVERSION = YES;
				CLANG_WARN_OBJC_ROOT_CLASS = YES_ERROR;
				CLANG_WARN_QUOTED_INCLUDE_IN_FRAMEWORK_HEADER = YES;
				CLANG_WARN_RANGE_LOOP_ANALYSIS = YES;
				CLANG_WARN_STRICT_PROTOTYPES = YES;
				CLANG_WARN_SUSPICIOUS_MOVE = YES;
				CLANG_WARN_UNGUARDED_AVAILABILITY = YES_AGGRESSIVE;
				CLANG_WARN_UNREACHABLE_CODE = YES;
				CLANG_WARN__DUPLICATE_METHOD_MATCH = YES;
				COPY_PHASE_STRIP = NO;
				DEBUG_INFORMATION_FORMAT = dwarf;
				ENABLE_STRICT_OBJC_MSGSEND = YES;
				ENABLE_TESTABILITY = YES;
				GCC_C_LANGUAGE_STANDARD = gnu11;
				GCC_DYNAMIC_NO_PIC = NO;
				GCC_NO_COMMON_BLOCKS = YES;
				GCC_OPTIMIZATION_LEVEL = 0;
				GCC_PREPROCESSOR_DEFINITIONS = (
					"DEBUG=1",
					"$(inherited)",
				);
				GCC_WARN_64_TO_32_BIT_CONVERSION = YES;
				GCC_WARN_ABOUT_RETURN_TYPE = YES_ERROR;
				GCC_WARN_UNDECLARED_SELECTOR = YES;
				GCC_WARN_UNINITIALIZED_AUTOS = YES_AGGRESSIVE;
				GCC_WARN_UNUSED_FUNCTION = YES;
				GCC_WARN_UNUSED_VARIABLE = YES;
				IPHONEOS_DEPLOYMENT_TARGET = 14.5;
				MTL_ENABLE_DEBUG_INFO = INCLUDE_SOURCE;
				MTL_FAST_MATH = YES;
				ONLY_ACTIVE_ARCH = YES;
				SDKROOT = iphoneos;
				SWIFT_ACTIVE_COMPILATION_CONDITIONS = DEBUG;
				SWIFT_OPTIMIZATION_LEVEL = "-Onone";
			};
			name = Debug;
		};
		331707BA268F47D0001C773B /* Release */ = {
			isa = XCBuildConfiguration;
			buildSettings = {
				ALWAYS_SEARCH_USER_PATHS = NO;
				CLANG_ANALYZER_NONNULL = YES;
				CLANG_ANALYZER_NUMBER_OBJECT_CONVERSION = YES_AGGRESSIVE;
				CLANG_CXX_LANGUAGE_STANDARD = "gnu++14";
				CLANG_CXX_LIBRARY = "libc++";
				CLANG_ENABLE_MODULES = YES;
				CLANG_ENABLE_OBJC_ARC = YES;
				CLANG_ENABLE_OBJC_WEAK = YES;
				CLANG_WARN_BLOCK_CAPTURE_AUTORELEASING = YES;
				CLANG_WARN_BOOL_CONVERSION = YES;
				CLANG_WARN_COMMA = YES;
				CLANG_WARN_CONSTANT_CONVERSION = YES;
				CLANG_WARN_DEPRECATED_OBJC_IMPLEMENTATIONS = YES;
				CLANG_WARN_DIRECT_OBJC_ISA_USAGE = YES_ERROR;
				CLANG_WARN_DOCUMENTATION_COMMENTS = YES;
				CLANG_WARN_EMPTY_BODY = YES;
				CLANG_WARN_ENUM_CONVERSION = YES;
				CLANG_WARN_INFINITE_RECURSION = YES;
				CLANG_WARN_INT_CONVERSION = YES;
				CLANG_WARN_NON_LITERAL_NULL_CONVERSION = YES;
				CLANG_WARN_OBJC_IMPLICIT_RETAIN_SELF = YES;
				CLANG_WARN_OBJC_LITERAL_CONVERSION = YES;
				CLANG_WARN_OBJC_ROOT_CLASS = YES_ERROR;
				CLANG_WARN_QUOTED_INCLUDE_IN_FRAMEWORK_HEADER = YES;
				CLANG_WARN_RANGE_LOOP_ANALYSIS = YES;
				CLANG_WARN_STRICT_PROTOTYPES = YES;
				CLANG_WARN_SUSPICIOUS_MOVE = YES;
				CLANG_WARN_UNGUARDED_AVAILABILITY = YES_AGGRESSIVE;
				CLANG_WARN_UNREACHABLE_CODE = YES;
				CLANG_WARN__DUPLICATE_METHOD_MATCH = YES;
				COPY_PHASE_STRIP = NO;
				DEBUG_INFORMATION_FORMAT = "dwarf-with-dsym";
				ENABLE_NS_ASSERTIONS = NO;
				ENABLE_STRICT_OBJC_MSGSEND = YES;
				GCC_C_LANGUAGE_STANDARD = gnu11;
				GCC_NO_COMMON_BLOCKS = YES;
				GCC_WARN_64_TO_32_BIT_CONVERSION = YES;
				GCC_WARN_ABOUT_RETURN_TYPE = YES_ERROR;
				GCC_WARN_UNDECLARED_SELECTOR = YES;
				GCC_WARN_UNINITIALIZED_AUTOS = YES_AGGRESSIVE;
				GCC_WARN_UNUSED_FUNCTION = YES;
				GCC_WARN_UNUSED_VARIABLE = YES;
				IPHONEOS_DEPLOYMENT_TARGET = 14.5;
				MTL_ENABLE_DEBUG_INFO = NO;
				MTL_FAST_MATH = YES;
				SDKROOT = iphoneos;
				SWIFT_COMPILATION_MODE = wholemodule;
				SWIFT_OPTIMIZATION_LEVEL = "-O";
				VALIDATE_PRODUCT = YES;
			};
			name = Release;
		};
		331707BC268F47D0001C773B /* Debug */ = {
			isa = XCBuildConfiguration;
			buildSettings = {
				ASSETCATALOG_COMPILER_APPICON_NAME = AppIcon;
				ASSETCATALOG_COMPILER_GLOBAL_ACCENT_COLOR_NAME = AccentColor;
				CODE_SIGN_STYLE = Automatic;
				INFOPLIST_FILE = GitSearch/Info.plist;
				LD_RUNPATH_SEARCH_PATHS = (
					"$(inherited)",
					"@executable_path/Frameworks",
				);
				PRODUCT_BUNDLE_IDENTIFIER = OmarAhmed.GitSearch;
				PRODUCT_NAME = "$(TARGET_NAME)";
				SWIFT_VERSION = 5.0;
				TARGETED_DEVICE_FAMILY = "1,2";
			};
			name = Debug;
		};
		331707BD268F47D0001C773B /* Release */ = {
			isa = XCBuildConfiguration;
			buildSettings = {
				ASSETCATALOG_COMPILER_APPICON_NAME = AppIcon;
				ASSETCATALOG_COMPILER_GLOBAL_ACCENT_COLOR_NAME = AccentColor;
				CODE_SIGN_STYLE = Automatic;
				INFOPLIST_FILE = GitSearch/Info.plist;
				LD_RUNPATH_SEARCH_PATHS = (
					"$(inherited)",
					"@executable_path/Frameworks",
				);
				PRODUCT_BUNDLE_IDENTIFIER = OmarAhmed.GitSearch;
				PRODUCT_NAME = "$(TARGET_NAME)";
				SWIFT_VERSION = 5.0;
				TARGETED_DEVICE_FAMILY = "1,2";
			};
			name = Release;
		};
/* End XCBuildConfiguration section */

/* Begin XCConfigurationList section */
		331707A2268F47CF001C773B /* Build configuration list for PBXProject "GitSearch" */ = {
			isa = XCConfigurationList;
			buildConfigurations = (
				331707B9268F47D0001C773B /* Debug */,
				331707BA268F47D0001C773B /* Release */,
			);
			defaultConfigurationIsVisible = 0;
			defaultConfigurationName = Release;
		};
		331707BB268F47D0001C773B /* Build configuration list for PBXNativeTarget "GitSearch" */ = {
			isa = XCConfigurationList;
			buildConfigurations = (
				331707BC268F47D0001C773B /* Debug */,
				331707BD268F47D0001C773B /* Release */,
			);
			defaultConfigurationIsVisible = 0;
			defaultConfigurationName = Release;
		};
/* End XCConfigurationList section */
	};
	rootObject = 3317079F268F47CF001C773B /* Project object */;
}
